// !$*UTF8*$!
{
	archiveVersion = 1;
	classes = {
	};
	objectVersion = 46;
	objects = {

/* Begin PBXBuildFile section */
		4C03B9531906C70D003221EC /* AddressBookUI.framework in Frameworks */ = {isa = PBXBuildFile; fileRef = 4C340D9918C175D3009A96D8 /* AddressBookUI.framework */; };
		4C16FBBF190B491D001C5A2D /* SettingsViewController.m in Sources */ = {isa = PBXBuildFile; fileRef = 4C16FBBE190B491D001C5A2D /* SettingsViewController.m */; };
		4C340D6218C16FF7009A96D8 /* Foundation.framework in Frameworks */ = {isa = PBXBuildFile; fileRef = 4C340D6118C16FF7009A96D8 /* Foundation.framework */; };
		4C340D6418C16FF7009A96D8 /* CoreGraphics.framework in Frameworks */ = {isa = PBXBuildFile; fileRef = 4C340D6318C16FF7009A96D8 /* CoreGraphics.framework */; };
		4C340D6618C16FF7009A96D8 /* UIKit.framework in Frameworks */ = {isa = PBXBuildFile; fileRef = 4C340D6518C16FF7009A96D8 /* UIKit.framework */; };
		4C340D6C18C16FF7009A96D8 /* InfoPlist.strings in Resources */ = {isa = PBXBuildFile; fileRef = 4C340D6A18C16FF7009A96D8 /* InfoPlist.strings */; };
		4C340D6E18C16FF7009A96D8 /* main.m in Sources */ = {isa = PBXBuildFile; fileRef = 4C340D6D18C16FF7009A96D8 /* main.m */; };
		4C340D7218C16FF7009A96D8 /* AppDelegate.m in Sources */ = {isa = PBXBuildFile; fileRef = 4C340D7118C16FF7009A96D8 /* AppDelegate.m */; };
		4C340D7518C16FF7009A96D8 /* Main.storyboard in Resources */ = {isa = PBXBuildFile; fileRef = 4C340D7318C16FF7009A96D8 /* Main.storyboard */; };
		4C340D7818C16FF7009A96D8 /* MainViewController.m in Sources */ = {isa = PBXBuildFile; fileRef = 4C340D7718C16FF7009A96D8 /* MainViewController.m */; };
		4C340D7A18C16FF7009A96D8 /* Images.xcassets in Resources */ = {isa = PBXBuildFile; fileRef = 4C340D7918C16FF7009A96D8 /* Images.xcassets */; };
		4C340D8118C16FF8009A96D8 /* XCTest.framework in Frameworks */ = {isa = PBXBuildFile; fileRef = 4C340D8018C16FF8009A96D8 /* XCTest.framework */; };
		4C340D8218C16FF8009A96D8 /* Foundation.framework in Frameworks */ = {isa = PBXBuildFile; fileRef = 4C340D6118C16FF7009A96D8 /* Foundation.framework */; };
		4C340D8318C16FF8009A96D8 /* UIKit.framework in Frameworks */ = {isa = PBXBuildFile; fileRef = 4C340D6518C16FF7009A96D8 /* UIKit.framework */; };
		4C340D8B18C16FF8009A96D8 /* InfoPlist.strings in Resources */ = {isa = PBXBuildFile; fileRef = 4C340D8918C16FF8009A96D8 /* InfoPlist.strings */; };
		4C340D8D18C16FF8009A96D8 /* inTouchTests.m in Sources */ = {isa = PBXBuildFile; fileRef = 4C340D8C18C16FF8009A96D8 /* inTouchTests.m */; };
		4C340DA118C17ACF009A96D8 /* DebugLogger.m in Sources */ = {isa = PBXBuildFile; fileRef = 4C340DA018C17ACF009A96D8 /* DebugLogger.m */; };
		4C340DA318C18D91009A96D8 /* CoreData.framework in Frameworks */ = {isa = PBXBuildFile; fileRef = 4C340DA218C18D91009A96D8 /* CoreData.framework */; settings = {ATTRIBUTES = (Required, ); }; };
		4C340DA618C18DBD009A96D8 /* Model.xcdatamodeld in Sources */ = {isa = PBXBuildFile; fileRef = 4C340DA418C18DBD009A96D8 /* Model.xcdatamodeld */; };
		4C367C9718FC96AE00FABB5C /* MessageUI.framework in Frameworks */ = {isa = PBXBuildFile; fileRef = 4C367C9618FC96AE00FABB5C /* MessageUI.framework */; };
		4C426885191580B90014744F /* Contact.m in Sources */ = {isa = PBXBuildFile; fileRef = 4C426884191580B90014744F /* Contact.m */; };
		4C42688919158D530014744F /* ContactMetadata.m in Sources */ = {isa = PBXBuildFile; fileRef = 4C42688819158D530014744F /* ContactMetadata.m */; };
		4C47934D18E0EB2900A408AB /* ContactViewController.m in Sources */ = {isa = PBXBuildFile; fileRef = 4C47934C18E0EB2900A408AB /* ContactViewController.m */; };
		4C7CBA1F18FC810400A9E4FF /* UrgencyCalculator.m in Sources */ = {isa = PBXBuildFile; fileRef = 4C7CBA1E18FC810400A9E4FF /* UrgencyCalculator.m */; };
		4C96311618CB71CB002D05A6 /* HelpViewController.m in Sources */ = {isa = PBXBuildFile; fileRef = 4C96311518CB71CB002D05A6 /* HelpViewController.m */; };
		4CC73FD21906330900B932A7 /* ContactManager.m in Sources */ = {isa = PBXBuildFile; fileRef = 4CC73FD11906330900B932A7 /* ContactManager.m */; };
		4CE2435019080BCE00028430 /* CoreTelephony.framework in Frameworks */ = {isa = PBXBuildFile; fileRef = 4CE2434F19080BCE00028430 /* CoreTelephony.framework */; };
/* End PBXBuildFile section */

/* Begin PBXContainerItemProxy section */
		4C340D8418C16FF8009A96D8 /* PBXContainerItemProxy */ = {
			isa = PBXContainerItemProxy;
			containerPortal = 4C340D5618C16FF7009A96D8 /* Project object */;
			proxyType = 1;
			remoteGlobalIDString = 4C340D5D18C16FF7009A96D8;
			remoteInfo = inTouch;
		};
/* End PBXContainerItemProxy section */

/* Begin PBXFileReference section */
		4C16FBBD190B491D001C5A2D /* SettingsViewController.h */ = {isa = PBXFileReference; fileEncoding = 4; lastKnownFileType = sourcecode.c.h; path = SettingsViewController.h; sourceTree = "<group>"; };
		4C16FBBE190B491D001C5A2D /* SettingsViewController.m */ = {isa = PBXFileReference; fileEncoding = 4; lastKnownFileType = sourcecode.c.objc; path = SettingsViewController.m; sourceTree = "<group>"; };
		4C340D5E18C16FF7009A96D8 /* inTouch.app */ = {isa = PBXFileReference; explicitFileType = wrapper.application; includeInIndex = 0; path = inTouch.app; sourceTree = BUILT_PRODUCTS_DIR; };
		4C340D6118C16FF7009A96D8 /* Foundation.framework */ = {isa = PBXFileReference; lastKnownFileType = wrapper.framework; name = Foundation.framework; path = System/Library/Frameworks/Foundation.framework; sourceTree = SDKROOT; };
		4C340D6318C16FF7009A96D8 /* CoreGraphics.framework */ = {isa = PBXFileReference; lastKnownFileType = wrapper.framework; name = CoreGraphics.framework; path = System/Library/Frameworks/CoreGraphics.framework; sourceTree = SDKROOT; };
		4C340D6518C16FF7009A96D8 /* UIKit.framework */ = {isa = PBXFileReference; lastKnownFileType = wrapper.framework; name = UIKit.framework; path = System/Library/Frameworks/UIKit.framework; sourceTree = SDKROOT; };
		4C340D6918C16FF7009A96D8 /* inTouch-Info.plist */ = {isa = PBXFileReference; lastKnownFileType = text.plist.xml; path = "inTouch-Info.plist"; sourceTree = "<group>"; };
		4C340D6B18C16FF7009A96D8 /* en */ = {isa = PBXFileReference; lastKnownFileType = text.plist.strings; name = en; path = en.lproj/InfoPlist.strings; sourceTree = "<group>"; };
		4C340D6D18C16FF7009A96D8 /* main.m */ = {isa = PBXFileReference; lastKnownFileType = sourcecode.c.objc; path = main.m; sourceTree = "<group>"; };
		4C340D6F18C16FF7009A96D8 /* inTouch-Prefix.pch */ = {isa = PBXFileReference; lastKnownFileType = sourcecode.c.h; path = "inTouch-Prefix.pch"; sourceTree = "<group>"; };
		4C340D7018C16FF7009A96D8 /* AppDelegate.h */ = {isa = PBXFileReference; lastKnownFileType = sourcecode.c.h; path = AppDelegate.h; sourceTree = "<group>"; };
		4C340D7118C16FF7009A96D8 /* AppDelegate.m */ = {isa = PBXFileReference; lastKnownFileType = sourcecode.c.objc; path = AppDelegate.m; sourceTree = "<group>"; xcLanguageSpecificationIdentifier = xcode.lang.objc; };
		4C340D7418C16FF7009A96D8 /* Base */ = {isa = PBXFileReference; lastKnownFileType = file.storyboard; name = Base; path = Base.lproj/Main.storyboard; sourceTree = "<group>"; };
		4C340D7618C16FF7009A96D8 /* MainViewController.h */ = {isa = PBXFileReference; lastKnownFileType = sourcecode.c.h; path = MainViewController.h; sourceTree = "<group>"; };
		4C340D7718C16FF7009A96D8 /* MainViewController.m */ = {isa = PBXFileReference; lastKnownFileType = sourcecode.c.objc; path = MainViewController.m; sourceTree = "<group>"; };
		4C340D7918C16FF7009A96D8 /* Images.xcassets */ = {isa = PBXFileReference; lastKnownFileType = folder.assetcatalog; path = Images.xcassets; sourceTree = "<group>"; };
		4C340D7F18C16FF8009A96D8 /* inTouchTests.xctest */ = {isa = PBXFileReference; explicitFileType = wrapper.cfbundle; includeInIndex = 0; path = inTouchTests.xctest; sourceTree = BUILT_PRODUCTS_DIR; };
		4C340D8018C16FF8009A96D8 /* XCTest.framework */ = {isa = PBXFileReference; lastKnownFileType = wrapper.framework; name = XCTest.framework; path = Library/Frameworks/XCTest.framework; sourceTree = DEVELOPER_DIR; };
		4C340D8818C16FF8009A96D8 /* inTouchTests-Info.plist */ = {isa = PBXFileReference; lastKnownFileType = text.plist.xml; path = "inTouchTests-Info.plist"; sourceTree = "<group>"; };
		4C340D8A18C16FF8009A96D8 /* en */ = {isa = PBXFileReference; lastKnownFileType = text.plist.strings; name = en; path = en.lproj/InfoPlist.strings; sourceTree = "<group>"; };
		4C340D8C18C16FF8009A96D8 /* inTouchTests.m */ = {isa = PBXFileReference; lastKnownFileType = sourcecode.c.objc; path = inTouchTests.m; sourceTree = "<group>"; };
		4C340D9918C175D3009A96D8 /* AddressBookUI.framework */ = {isa = PBXFileReference; lastKnownFileType = wrapper.framework; name = AddressBookUI.framework; path = System/Library/Frameworks/AddressBookUI.framework; sourceTree = SDKROOT; };
		4C340D9F18C17ACF009A96D8 /* DebugLogger.h */ = {isa = PBXFileReference; fileEncoding = 4; lastKnownFileType = sourcecode.c.h; path = DebugLogger.h; sourceTree = "<group>"; };
		4C340DA018C17ACF009A96D8 /* DebugLogger.m */ = {isa = PBXFileReference; fileEncoding = 4; lastKnownFileType = sourcecode.c.objc; path = DebugLogger.m; sourceTree = "<group>"; };
		4C340DA218C18D91009A96D8 /* CoreData.framework */ = {isa = PBXFileReference; lastKnownFileType = wrapper.framework; name = CoreData.framework; path = System/Library/Frameworks/CoreData.framework; sourceTree = SDKROOT; };
		4C340DA518C18DBD009A96D8 /* Model.xcdatamodel */ = {isa = PBXFileReference; lastKnownFileType = wrapper.xcdatamodel; path = Model.xcdatamodel; sourceTree = "<group>"; };
		4C367C9618FC96AE00FABB5C /* MessageUI.framework */ = {isa = PBXFileReference; lastKnownFileType = wrapper.framework; name = MessageUI.framework; path = System/Library/Frameworks/MessageUI.framework; sourceTree = SDKROOT; };
		4C426883191580B90014744F /* Contact.h */ = {isa = PBXFileReference; fileEncoding = 4; lastKnownFileType = sourcecode.c.h; path = Contact.h; sourceTree = "<group>"; };
		4C426884191580B90014744F /* Contact.m */ = {isa = PBXFileReference; fileEncoding = 4; lastKnownFileType = sourcecode.c.objc; path = Contact.m; sourceTree = "<group>"; };
		4C42688719158D530014744F /* ContactMetadata.h */ = {isa = PBXFileReference; fileEncoding = 4; lastKnownFileType = sourcecode.c.h; path = ContactMetadata.h; sourceTree = "<group>"; };
		4C42688819158D530014744F /* ContactMetadata.m */ = {isa = PBXFileReference; fileEncoding = 4; lastKnownFileType = sourcecode.c.objc; path = ContactMetadata.m; sourceTree = "<group>"; };
		4C47934B18E0EB2900A408AB /* ContactViewController.h */ = {isa = PBXFileReference; fileEncoding = 4; lastKnownFileType = sourcecode.c.h; path = ContactViewController.h; sourceTree = "<group>"; };
		4C47934C18E0EB2900A408AB /* ContactViewController.m */ = {isa = PBXFileReference; fileEncoding = 4; lastKnownFileType = sourcecode.c.objc; path = ContactViewController.m; sourceTree = "<group>"; };
		4C7CBA1D18FC810400A9E4FF /* UrgencyCalculator.h */ = {isa = PBXFileReference; fileEncoding = 4; lastKnownFileType = sourcecode.c.h; path = UrgencyCalculator.h; sourceTree = "<group>"; };
		4C7CBA1E18FC810400A9E4FF /* UrgencyCalculator.m */ = {isa = PBXFileReference; fileEncoding = 4; lastKnownFileType = sourcecode.c.objc; path = UrgencyCalculator.m; sourceTree = "<group>"; };
		4C96311418CB71CB002D05A6 /* HelpViewController.h */ = {isa = PBXFileReference; fileEncoding = 4; lastKnownFileType = sourcecode.c.h; path = HelpViewController.h; sourceTree = "<group>"; };
		4C96311518CB71CB002D05A6 /* HelpViewController.m */ = {isa = PBXFileReference; fileEncoding = 4; lastKnownFileType = sourcecode.c.objc; path = HelpViewController.m; sourceTree = "<group>"; };
		4CC73FD01906330900B932A7 /* ContactManager.h */ = {isa = PBXFileReference; fileEncoding = 4; lastKnownFileType = sourcecode.c.h; path = ContactManager.h; sourceTree = "<group>"; };
		4CC73FD11906330900B932A7 /* ContactManager.m */ = {isa = PBXFileReference; fileEncoding = 4; lastKnownFileType = sourcecode.c.objc; path = ContactManager.m; sourceTree = "<group>"; };
		4CE2434F19080BCE00028430 /* CoreTelephony.framework */ = {isa = PBXFileReference; lastKnownFileType = wrapper.framework; name = CoreTelephony.framework; path = System/Library/Frameworks/CoreTelephony.framework; sourceTree = SDKROOT; };
/* End PBXFileReference section */

/* Begin PBXFrameworksBuildPhase section */
		4C340D5B18C16FF7009A96D8 /* Frameworks */ = {
			isa = PBXFrameworksBuildPhase;
			buildActionMask = 2147483647;
			files = (
				4C03B9531906C70D003221EC /* AddressBookUI.framework in Frameworks */,
				4C340DA318C18D91009A96D8 /* CoreData.framework in Frameworks */,
				4C340D6418C16FF7009A96D8 /* CoreGraphics.framework in Frameworks */,
				4CE2435019080BCE00028430 /* CoreTelephony.framework in Frameworks */,
				4C340D6218C16FF7009A96D8 /* Foundation.framework in Frameworks */,
				4C367C9718FC96AE00FABB5C /* MessageUI.framework in Frameworks */,
				4C340D6618C16FF7009A96D8 /* UIKit.framework in Frameworks */,
			);
			runOnlyForDeploymentPostprocessing = 0;
		};
		4C340D7C18C16FF8009A96D8 /* Frameworks */ = {
			isa = PBXFrameworksBuildPhase;
			buildActionMask = 2147483647;
			files = (
				4C340D8118C16FF8009A96D8 /* XCTest.framework in Frameworks */,
				4C340D8318C16FF8009A96D8 /* UIKit.framework in Frameworks */,
				4C340D8218C16FF8009A96D8 /* Foundation.framework in Frameworks */,
			);
			runOnlyForDeploymentPostprocessing = 0;
		};
/* End PBXFrameworksBuildPhase section */

/* Begin PBXGroup section */
		4C340D5518C16FF7009A96D8 = {
			isa = PBXGroup;
			children = (
				4C340D6718C16FF7009A96D8 /* inTouch */,
				4C340D8618C16FF8009A96D8 /* inTouchTests */,
				4C340D6018C16FF7009A96D8 /* Frameworks */,
				4C340D5F18C16FF7009A96D8 /* Products */,
			);
			sourceTree = "<group>";
		};
		4C340D5F18C16FF7009A96D8 /* Products */ = {
			isa = PBXGroup;
			children = (
				4C340D5E18C16FF7009A96D8 /* inTouch.app */,
				4C340D7F18C16FF8009A96D8 /* inTouchTests.xctest */,
			);
			name = Products;
			sourceTree = "<group>";
		};
		4C340D6018C16FF7009A96D8 /* Frameworks */ = {
			isa = PBXGroup;
			children = (
				4C340D9918C175D3009A96D8 /* AddressBookUI.framework */,
				4C340DA218C18D91009A96D8 /* CoreData.framework */,
				4C340D6318C16FF7009A96D8 /* CoreGraphics.framework */,
				4CE2434F19080BCE00028430 /* CoreTelephony.framework */,
				4C340D6118C16FF7009A96D8 /* Foundation.framework */,
				4C367C9618FC96AE00FABB5C /* MessageUI.framework */,
				4C340D6518C16FF7009A96D8 /* UIKit.framework */,
				4C340D8018C16FF8009A96D8 /* XCTest.framework */,
			);
			name = Frameworks;
			sourceTree = "<group>";
		};
		4C340D6718C16FF7009A96D8 /* inTouch */ = {
			isa = PBXGroup;
			children = (
				4C340D7018C16FF7009A96D8 /* AppDelegate.h */,
				4C340D7118C16FF7009A96D8 /* AppDelegate.m */,
				4C340D9F18C17ACF009A96D8 /* DebugLogger.h */,
				4C340DA018C17ACF009A96D8 /* DebugLogger.m */,
				4C340D7618C16FF7009A96D8 /* MainViewController.h */,
				4C340D7718C16FF7009A96D8 /* MainViewController.m */,
				4C47934B18E0EB2900A408AB /* ContactViewController.h */,
				4C47934C18E0EB2900A408AB /* ContactViewController.m */,
				4C96311418CB71CB002D05A6 /* HelpViewController.h */,
				4C96311518CB71CB002D05A6 /* HelpViewController.m */,
				4C16FBBD190B491D001C5A2D /* SettingsViewController.h */,
				4C16FBBE190B491D001C5A2D /* SettingsViewController.m */,
				4CC73FD01906330900B932A7 /* ContactManager.h */,
				4CC73FD11906330900B932A7 /* ContactManager.m */,
				4C7CBA1D18FC810400A9E4FF /* UrgencyCalculator.h */,
				4C7CBA1E18FC810400A9E4FF /* UrgencyCalculator.m */,
				4C340D7318C16FF7009A96D8 /* Main.storyboard */,
				4C340DA418C18DBD009A96D8 /* Model.xcdatamodeld */,
				4C42688619158C8B0014744F /* Core Data Entities */,
				4C340D7918C16FF7009A96D8 /* Images.xcassets */,
				4C340D6818C16FF7009A96D8 /* Supporting Files */,
			);
			path = inTouch;
			sourceTree = "<group>";
		};
		4C340D6818C16FF7009A96D8 /* Supporting Files */ = {
			isa = PBXGroup;
			children = (
				4C340D6918C16FF7009A96D8 /* inTouch-Info.plist */,
				4C340D6A18C16FF7009A96D8 /* InfoPlist.strings */,
				4C340D6D18C16FF7009A96D8 /* main.m */,
				4C340D6F18C16FF7009A96D8 /* inTouch-Prefix.pch */,
			);
			name = "Supporting Files";
			sourceTree = "<group>";
		};
		4C340D8618C16FF8009A96D8 /* inTouchTests */ = {
			isa = PBXGroup;
			children = (
				4C340D8C18C16FF8009A96D8 /* inTouchTests.m */,
				4C340D8718C16FF8009A96D8 /* Supporting Files */,
			);
			path = inTouchTests;
			sourceTree = "<group>";
		};
		4C340D8718C16FF8009A96D8 /* Supporting Files */ = {
			isa = PBXGroup;
			children = (
				4C340D8818C16FF8009A96D8 /* inTouchTests-Info.plist */,
				4C340D8918C16FF8009A96D8 /* InfoPlist.strings */,
			);
			name = "Supporting Files";
			sourceTree = "<group>";
		};
		4C42688619158C8B0014744F /* Core Data Entities */ = {
			isa = PBXGroup;
			children = (
				4C426883191580B90014744F /* Contact.h */,
				4C426884191580B90014744F /* Contact.m */,
				4C42688719158D530014744F /* ContactMetadata.h */,
				4C42688819158D530014744F /* ContactMetadata.m */,
			);
			name = "Core Data Entities";
			sourceTree = "<group>";
		};
/* End PBXGroup section */

/* Begin PBXNativeTarget section */
		4C340D5D18C16FF7009A96D8 /* inTouch */ = {
			isa = PBXNativeTarget;
			buildConfigurationList = 4C340D9018C16FF8009A96D8 /* Build configuration list for PBXNativeTarget "inTouch" */;
			buildPhases = (
				4C340D5A18C16FF7009A96D8 /* Sources */,
				4C340D5B18C16FF7009A96D8 /* Frameworks */,
				4C340D5C18C16FF7009A96D8 /* Resources */,
			);
			buildRules = (
			);
			dependencies = (
			);
			name = inTouch;
			productName = inTouch;
			productReference = 4C340D5E18C16FF7009A96D8 /* inTouch.app */;
			productType = "com.apple.product-type.application";
		};
		4C340D7E18C16FF8009A96D8 /* inTouchTests */ = {
			isa = PBXNativeTarget;
			buildConfigurationList = 4C340D9318C16FF8009A96D8 /* Build configuration list for PBXNativeTarget "inTouchTests" */;
			buildPhases = (
				4C340D7B18C16FF8009A96D8 /* Sources */,
				4C340D7C18C16FF8009A96D8 /* Frameworks */,
				4C340D7D18C16FF8009A96D8 /* Resources */,
			);
			buildRules = (
			);
			dependencies = (
				4C340D8518C16FF8009A96D8 /* PBXTargetDependency */,
			);
			name = inTouchTests;
			productName = inTouchTests;
			productReference = 4C340D7F18C16FF8009A96D8 /* inTouchTests.xctest */;
			productType = "com.apple.product-type.bundle.unit-test";
		};
/* End PBXNativeTarget section */

/* Begin PBXProject section */
		4C340D5618C16FF7009A96D8 /* Project object */ = {
			isa = PBXProject;
			attributes = {
				LastUpgradeCheck = 0510;
				ORGANIZATIONNAME = "inTouch Team";
				TargetAttributes = {
					4C340D5D18C16FF7009A96D8 = {
						DevelopmentTeam = QUF4M7QXQP;
					};
					4C340D7E18C16FF8009A96D8 = {
						TestTargetID = 4C340D5D18C16FF7009A96D8;
					};
				};
			};
			buildConfigurationList = 4C340D5918C16FF7009A96D8 /* Build configuration list for PBXProject "inTouch" */;
			compatibilityVersion = "Xcode 3.2";
			developmentRegion = English;
			hasScannedForEncodings = 0;
			knownRegions = (
				en,
				Base,
			);
			mainGroup = 4C340D5518C16FF7009A96D8;
			productRefGroup = 4C340D5F18C16FF7009A96D8 /* Products */;
			projectDirPath = "";
			projectRoot = "";
			targets = (
				4C340D5D18C16FF7009A96D8 /* inTouch */,
				4C340D7E18C16FF8009A96D8 /* inTouchTests */,
			);
		};
/* End PBXProject section */

/* Begin PBXResourcesBuildPhase section */
		4C340D5C18C16FF7009A96D8 /* Resources */ = {
			isa = PBXResourcesBuildPhase;
			buildActionMask = 2147483647;
			files = (
				4C340D7A18C16FF7009A96D8 /* Images.xcassets in Resources */,
				4C340D6C18C16FF7009A96D8 /* InfoPlist.strings in Resources */,
				4C340D7518C16FF7009A96D8 /* Main.storyboard in Resources */,
			);
			runOnlyForDeploymentPostprocessing = 0;
		};
		4C340D7D18C16FF8009A96D8 /* Resources */ = {
			isa = PBXResourcesBuildPhase;
			buildActionMask = 2147483647;
			files = (
				4C340D8B18C16FF8009A96D8 /* InfoPlist.strings in Resources */,
			);
			runOnlyForDeploymentPostprocessing = 0;
		};
/* End PBXResourcesBuildPhase section */

/* Begin PBXSourcesBuildPhase section */
		4C340D5A18C16FF7009A96D8 /* Sources */ = {
			isa = PBXSourcesBuildPhase;
			buildActionMask = 2147483647;
			files = (
				4C340D7818C16FF7009A96D8 /* MainViewController.m in Sources */,
				4C96311618CB71CB002D05A6 /* HelpViewController.m in Sources */,
				4C340D7218C16FF7009A96D8 /* AppDelegate.m in Sources */,
				4C340DA618C18DBD009A96D8 /* Model.xcdatamodeld in Sources */,
				4CC73FD21906330900B932A7 /* ContactManager.m in Sources */,
				4C42688919158D530014744F /* ContactMetadata.m in Sources */,
				4C47934D18E0EB2900A408AB /* ContactViewController.m in Sources */,
				4C7CBA1F18FC810400A9E4FF /* UrgencyCalculator.m in Sources */,
				4C426885191580B90014744F /* Contact.m in Sources */,
				4C16FBBF190B491D001C5A2D /* SettingsViewController.m in Sources */,
				4C340D6E18C16FF7009A96D8 /* main.m in Sources */,
				4C340DA118C17ACF009A96D8 /* DebugLogger.m in Sources */,
			);
			runOnlyForDeploymentPostprocessing = 0;
		};
		4C340D7B18C16FF8009A96D8 /* Sources */ = {
			isa = PBXSourcesBuildPhase;
			buildActionMask = 2147483647;
			files = (
				4C340D8D18C16FF8009A96D8 /* inTouchTests.m in Sources */,
			);
			runOnlyForDeploymentPostprocessing = 0;
		};
/* End PBXSourcesBuildPhase section */

/* Begin PBXTargetDependency section */
		4C340D8518C16FF8009A96D8 /* PBXTargetDependency */ = {
			isa = PBXTargetDependency;
			target = 4C340D5D18C16FF7009A96D8 /* inTouch */;
			targetProxy = 4C340D8418C16FF8009A96D8 /* PBXContainerItemProxy */;
		};
/* End PBXTargetDependency section */

/* Begin PBXVariantGroup section */
		4C340D6A18C16FF7009A96D8 /* InfoPlist.strings */ = {
			isa = PBXVariantGroup;
			children = (
				4C340D6B18C16FF7009A96D8 /* en */,
			);
			name = InfoPlist.strings;
			sourceTree = "<group>";
		};
		4C340D7318C16FF7009A96D8 /* Main.storyboard */ = {
			isa = PBXVariantGroup;
			children = (
				4C340D7418C16FF7009A96D8 /* Base */,
			);
			name = Main.storyboard;
			sourceTree = "<group>";
		};
		4C340D8918C16FF8009A96D8 /* InfoPlist.strings */ = {
			isa = PBXVariantGroup;
			children = (
				4C340D8A18C16FF8009A96D8 /* en */,
			);
			name = InfoPlist.strings;
			sourceTree = "<group>";
		};
/* End PBXVariantGroup section */

/* Begin XCBuildConfiguration section */
		4C340D8E18C16FF8009A96D8 /* Debug */ = {
			isa = XCBuildConfiguration;
			buildSettings = {
				ALWAYS_SEARCH_USER_PATHS = NO;
				CLANG_CXX_LANGUAGE_STANDARD = "gnu++0x";
				CLANG_CXX_LIBRARY = "libc++";
				CLANG_ENABLE_MODULES = YES;
				CLANG_ENABLE_OBJC_ARC = YES;
				CLANG_WARN_BOOL_CONVERSION = YES;
				CLANG_WARN_CONSTANT_CONVERSION = YES;
				CLANG_WARN_DIRECT_OBJC_ISA_USAGE = YES_ERROR;
				CLANG_WARN_EMPTY_BODY = YES;
				CLANG_WARN_ENUM_CONVERSION = YES;
				CLANG_WARN_INT_CONVERSION = YES;
				CLANG_WARN_OBJC_ROOT_CLASS = YES_ERROR;
				CLANG_WARN__DUPLICATE_METHOD_MATCH = YES;
				CODE_SIGN_IDENTITY = "iPhone Developer: Michael Wu (98YW2GG2M7)";
				COPY_PHASE_STRIP = NO;
				GCC_C_LANGUAGE_STANDARD = gnu99;
				GCC_DYNAMIC_NO_PIC = NO;
				GCC_OPTIMIZATION_LEVEL = 0;
				GCC_PREPROCESSOR_DEFINITIONS = (
					"DEBUG=1",
					"$(inherited)",
				);
				GCC_SYMBOLS_PRIVATE_EXTERN = NO;
				GCC_WARN_64_TO_32_BIT_CONVERSION = YES;
				GCC_WARN_ABOUT_RETURN_TYPE = YES_ERROR;
				GCC_WARN_UNDECLARED_SELECTOR = YES;
				GCC_WARN_UNINITIALIZED_AUTOS = YES;
				GCC_WARN_UNUSED_FUNCTION = YES;
				GCC_WARN_UNUSED_VARIABLE = YES;
				IPHONEOS_DEPLOYMENT_TARGET = 7.1;
				ONLY_ACTIVE_ARCH = NO;
				PROVISIONING_PROFILE = "75A69E71-E0F3-42EE-9CC1-3907CB47A9C7";
				SDKROOT = iphoneos;
				VALIDATE_PRODUCT = YES;
			};
			name = Debug;
		};
		4C340D8F18C16FF8009A96D8 /* Release */ = {
			isa = XCBuildConfiguration;
			buildSettings = {
				ALWAYS_SEARCH_USER_PATHS = NO;
				CLANG_CXX_LANGUAGE_STANDARD = "gnu++0x";
				CLANG_CXX_LIBRARY = "libc++";
				CLANG_ENABLE_MODULES = YES;
				CLANG_ENABLE_OBJC_ARC = YES;
				CLANG_WARN_BOOL_CONVERSION = YES;
				CLANG_WARN_CONSTANT_CONVERSION = YES;
				CLANG_WARN_DIRECT_OBJC_ISA_USAGE = YES_ERROR;
				CLANG_WARN_EMPTY_BODY = YES;
				CLANG_WARN_ENUM_CONVERSION = YES;
				CLANG_WARN_INT_CONVERSION = YES;
				CLANG_WARN_OBJC_ROOT_CLASS = YES_ERROR;
				CLANG_WARN__DUPLICATE_METHOD_MATCH = YES;
				CODE_SIGN_IDENTITY = "iPhone Distribution: Michael Wu (QUF4M7QXQP)";
				COPY_PHASE_STRIP = YES;
				ENABLE_NS_ASSERTIONS = NO;
				GCC_C_LANGUAGE_STANDARD = gnu99;
				GCC_WARN_64_TO_32_BIT_CONVERSION = YES;
				GCC_WARN_ABOUT_RETURN_TYPE = YES_ERROR;
				GCC_WARN_UNDECLARED_SELECTOR = YES;
				GCC_WARN_UNINITIALIZED_AUTOS = YES;
				GCC_WARN_UNUSED_FUNCTION = YES;
				GCC_WARN_UNUSED_VARIABLE = YES;
				IPHONEOS_DEPLOYMENT_TARGET = 7.1;
				ONLY_ACTIVE_ARCH = NO;
				PROVISIONING_PROFILE = "D7482E0D-189F-413F-A0AA-8DEED8B35E10";
				SDKROOT = iphoneos;
				VALIDATE_PRODUCT = YES;
			};
			name = Release;
		};
		4C340D9118C16FF8009A96D8 /* Debug */ = {
			isa = XCBuildConfiguration;
			buildSettings = {
				ASSETCATALOG_COMPILER_APPICON_NAME = AppIcon;
				ASSETCATALOG_COMPILER_LAUNCHIMAGE_NAME = LaunchImage;
				CODE_SIGN_IDENTITY = "iPhone Developer";
				"CODE_SIGN_IDENTITY[sdk=iphoneos*]" = "iPhone Developer";
				FRAMEWORK_SEARCH_PATHS = (
					"$(inherited)",
					/Users/Michael/Documents/FacebookSDK,
				);
				GCC_PRECOMPILE_PREFIX_HEADER = YES;
				GCC_PREFIX_HEADER = "inTouch/inTouch-Prefix.pch";
				INFOPLIST_FILE = "inTouch/inTouch-Info.plist";
				IPHONEOS_DEPLOYMENT_TARGET = 6.1;
				PRODUCT_NAME = "$(TARGET_NAME)";
				PROVISIONING_PROFILE = "";
				TARGETED_DEVICE_FAMILY = 1;
				WRAPPER_EXTENSION = app;
			};
			name = Debug;
		};
		4C340D9218C16FF8009A96D8 /* Release */ = {
			isa = XCBuildConfiguration;
			buildSettings = {
				ASSETCATALOG_COMPILER_APPICON_NAME = AppIcon;
				ASSETCATALOG_COMPILER_LAUNCHIMAGE_NAME = LaunchImage;
				CODE_SIGN_IDENTITY = "iPhone Developer";
				"CODE_SIGN_IDENTITY[sdk=iphoneos*]" = "iPhone Developer";
				FRAMEWORK_SEARCH_PATHS = (
					"$(inherited)",
					/Users/Michael/Documents/FacebookSDK,
				);
				GCC_PRECOMPILE_PREFIX_HEADER = YES;
				GCC_PREFIX_HEADER = "inTouch/inTouch-Prefix.pch";
				INFOPLIST_FILE = "inTouch/inTouch-Info.plist";
				IPHONEOS_DEPLOYMENT_TARGET = 6.1;
				PRODUCT_NAME = "$(TARGET_NAME)";
				PROVISIONING_PROFILE = "";
				TARGETED_DEVICE_FAMILY = 1;
				WRAPPER_EXTENSION = app;
			};
			name = Release;
		};
		4C340D9418C16FF8009A96D8 /* Debug */ = {
			isa = XCBuildConfiguration;
			buildSettings = {
				BUNDLE_LOADER = "$(BUILT_PRODUCTS_DIR)/inTouch.app/inTouch";
				FRAMEWORK_SEARCH_PATHS = (
					"$(SDKROOT)/Developer/Library/Frameworks",
					"$(inherited)",
					"$(DEVELOPER_FRAMEWORKS_DIR)",
				);
				GCC_PRECOMPILE_PREFIX_HEADER = YES;
				GCC_PREFIX_HEADER = "inTouch/inTouch-Prefix.pch";
				GCC_PREPROCESSOR_DEFINITIONS = (
					"DEBUG=1",
					"$(inherited)",
				);
				INFOPLIST_FILE = "inTouchTests/inTouchTests-Info.plist";
				PRODUCT_NAME = "$(TARGET_NAME)";
				TEST_HOST = "$(BUNDLE_LOADER)";
				WRAPPER_EXTENSION = xctest;
			};
			name = Debug;
		};
		4C340D9518C16FF8009A96D8 /* Release */ = {
			isa = XCBuildConfiguration;
			buildSettings = {
				BUNDLE_LOADER = "$(BUILT_PRODUCTS_DIR)/inTouch.app/inTouch";
				FRAMEWORK_SEARCH_PATHS = (
					"$(SDKROOT)/Developer/Library/Frameworks",
					"$(inherited)",
					"$(DEVELOPER_FRAMEWORKS_DIR)",
				);
				GCC_PRECOMPILE_PREFIX_HEADER = YES;
				GCC_PREFIX_HEADER = "inTouch/inTouch-Prefix.pch";
				INFOPLIST_FILE = "inTouchTests/inTouchTests-Info.plist";
				PRODUCT_NAME = "$(TARGET_NAME)";
				TEST_HOST = "$(BUNDLE_LOADER)";
				WRAPPER_EXTENSION = xctest;
			};
			name = Release;
		};
/* End XCBuildConfiguration section */

/* Begin XCConfigurationList section */
		4C340D5918C16FF7009A96D8 /* Build configuration list for PBXProject "inTouch" */ = {
			isa = XCConfigurationList;
			buildConfigurations = (
				4C340D8E18C16FF8009A96D8 /* Debug */,
				4C340D8F18C16FF8009A96D8 /* Release */,
			);
			defaultConfigurationIsVisible = 0;
			defaultConfigurationName = Release;
		};
		4C340D9018C16FF8009A96D8 /* Build configuration list for PBXNativeTarget "inTouch" */ = {
			isa = XCConfigurationList;
			buildConfigurations = (
				4C340D9118C16FF8009A96D8 /* Debug */,
				4C340D9218C16FF8009A96D8 /* Release */,
			);
			defaultConfigurationIsVisible = 0;
			defaultConfigurationName = Release;
		};
		4C340D9318C16FF8009A96D8 /* Build configuration list for PBXNativeTarget "inTouchTests" */ = {
			isa = XCConfigurationList;
			buildConfigurations = (
				4C340D9418C16FF8009A96D8 /* Debug */,
				4C340D9518C16FF8009A96D8 /* Release */,
			);
			defaultConfigurationIsVisible = 0;
			defaultConfigurationName = Release;
		};
/* End XCConfigurationList section */

/* Begin XCVersionGroup section */
		4C340DA418C18DBD009A96D8 /* Model.xcdatamodeld */ = {
			isa = XCVersionGroup;
			children = (
				4C340DA518C18DBD009A96D8 /* Model.xcdatamodel */,
			);
			currentVersion = 4C340DA518C18DBD009A96D8 /* Model.xcdatamodel */;
			path = Model.xcdatamodeld;
			sourceTree = "<group>";
			versionGroupType = wrapper.xcdatamodel;
		};
/* End XCVersionGroup section */
	};
	rootObject = 4C340D5618C16FF7009A96D8 /* Project object */;
}
